
Microsoft Visual Studio Solution File, Format Version 12.00
# Visual Studio Version 16
VisualStudioVersion = 16.0.29102.190
MinimumVisualStudioVersion = 10.0.40219.1
Project("{9A19103F-16F7-4668-BE54-9A1E7A4F7556}") = "SevensPizza", "SevensPizza.csproj", "{7AD13407-07F4-4FD0-B48E-533FDBE6EB9F}"
EndProject
Project("{9A19103F-16F7-4668-BE54-9A1E7A4F7556}") = "SevensPizzaEntity", "..\Entities\SevensPizzaEntity\SevensPizzaEntity.csproj", "{57E3BD2F-79DD-4952-9A40-2673836E85BF}"
EndProject
Global
	GlobalSection(SolutionConfigurationPlatforms) = preSolution
		Debug|Any CPU = Debug|Any CPU
		Release|Any CPU = Release|Any CPU
	EndGlobalSection
	GlobalSection(ProjectConfigurationPlatforms) = postSolution
		{7AD13407-07F4-4FD0-B48E-533FDBE6EB9F}.Debug|Any CPU.ActiveCfg = Debug|Any CPU
		{7AD13407-07F4-4FD0-B48E-533FDBE6EB9F}.Debug|Any CPU.Build.0 = Debug|Any CPU
		{7AD13407-07F4-4FD0-B48E-533FDBE6EB9F}.Release|Any CPU.ActiveCfg = Release|Any CPU
		{7AD13407-07F4-4FD0-B48E-533FDBE6EB9F}.Release|Any CPU.Build.0 = Release|Any CPU
		{57E3BD2F-79DD-4952-9A40-2673836E85BF}.Debug|Any CPU.ActiveCfg = Debug|Any CPU
		{57E3BD2F-79DD-4952-9A40-2673836E85BF}.Debug|Any CPU.Build.0 = Debug|Any CPU
		{57E3BD2F-79DD-4952-9A40-2673836E85BF}.Release|Any CPU.ActiveCfg = Release|Any CPU
		{57E3BD2F-79DD-4952-9A40-2673836E85BF}.Release|Any CPU.Build.0 = Release|Any CPU
	EndGlobalSection
	GlobalSection(SolutionProperties) = preSolution
		HideSolutionNode = FALSE
	EndGlobalSection
	GlobalSection(ExtensibilityGlobals) = postSolution
		SolutionGuid = {E38EF514-7946-47AD-A6D3-58A2D17075E7}
	EndGlobalSection
EndGlobal
